// !$*UTF8*$!
{
	archiveVersion = 1;
	classes = {
	};
	objectVersion = 46;
	objects = {

/* Begin PBXBuildFile section */
		3A86E4321833B4A500C1AC2C /* Foundation.framework in Frameworks */ = {isa = PBXBuildFile; fileRef = 3A86E4311833B4A500C1AC2C /* Foundation.framework */; };
		3A86E4341833B4A500C1AC2C /* CoreGraphics.framework in Frameworks */ = {isa = PBXBuildFile; fileRef = 3A86E4331833B4A500C1AC2C /* CoreGraphics.framework */; };
		3A86E4361833B4A500C1AC2C /* UIKit.framework in Frameworks */ = {isa = PBXBuildFile; fileRef = 3A86E4351833B4A500C1AC2C /* UIKit.framework */; };
		3A86E43E1833B4A500C1AC2C /* main.m in Sources */ = {isa = PBXBuildFile; fileRef = 3A86E43D1833B4A500C1AC2C /* main.m */; };
		3A86E4681833B51600C1AC2C /* TRIAppDelegate.m in Sources */ = {isa = PBXBuildFile; fileRef = 3A86E4651833B51600C1AC2C /* TRIAppDelegate.m */; };
		3A86E46B1833B53C00C1AC2C /* TRIBaseScreenController.m in Sources */ = {isa = PBXBuildFile; fileRef = 3A86E46A1833B53C00C1AC2C /* TRIBaseScreenController.m */; };
		3A86E46E1833B55B00C1AC2C /* TRIPresentationController.m in Sources */ = {isa = PBXBuildFile; fileRef = 3A86E46D1833B55B00C1AC2C /* TRIPresentationController.m */; };
		3A86E4751833B6DD00C1AC2C /* Images.xcassets in Resources */ = {isa = PBXBuildFile; fileRef = 3A86E4741833B6DD00C1AC2C /* Images.xcassets */; };
		3A86E47D1833B8BF00C1AC2C /* generate_html.sh in Resources */ = {isa = PBXBuildFile; fileRef = 3A86E47C1833B8BF00C1AC2C /* generate_html.sh */; };
		3A86E47F1833B97200C1AC2C /* html in Resources */ = {isa = PBXBuildFile; fileRef = 3A86E47E1833B97200C1AC2C /* html */; };
		3A86E4841833BAFA00C1AC2C /* TRIPhotoScreen.m in Sources */ = {isa = PBXBuildFile; fileRef = 3A86E4821833BAFA00C1AC2C /* TRIPhotoScreen.m */; };
		3A86E4851833BAFA00C1AC2C /* TRIPhotoScreen.xib in Resources */ = {isa = PBXBuildFile; fileRef = 3A86E4831833BAFA00C1AC2C /* TRIPhotoScreen.xib */; };
		3A8D29351837FC330019C684 /* forbes_ibeacon.png in Resources */ = {isa = PBXBuildFile; fileRef = 3A8D29341837FC330019C684 /* forbes_ibeacon.png */; };
		3A8D29381837FCF40019C684 /* XCDYouTubeVideoPlayerViewController.m in Sources */ = {isa = PBXBuildFile; fileRef = 3A8D29371837FCF40019C684 /* XCDYouTubeVideoPlayerViewController.m */; };
		3A8D293B1837FD1C0019C684 /* TRIYouTubeScreen.m in Sources */ = {isa = PBXBuildFile; fileRef = 3A8D293A1837FD1C0019C684 /* TRIYouTubeScreen.m */; };
		3A8D293D1837FDE70019C684 /* minority_report.png in Resources */ = {isa = PBXBuildFile; fileRef = 3A8D293C1837FDE70019C684 /* minority_report.png */; };
		3A8D293F1837FFF00019C684 /* TRIYouTubeScreen.xib in Resources */ = {isa = PBXBuildFile; fileRef = 3A8D293E1837FFF00019C684 /* TRIYouTubeScreen.xib */; };
		3A98A4091834A7E7008C83AC /* TRITitleAndTextScreen.m in Sources */ = {isa = PBXBuildFile; fileRef = 3A98A4071834A7E7008C83AC /* TRITitleAndTextScreen.m */; };
		3A98A40A1834A7E7008C83AC /* TRITitleAndTextScreen.xib in Resources */ = {isa = PBXBuildFile; fileRef = 3A98A4081834A7E7008C83AC /* TRITitleAndTextScreen.xib */; };
		3A98A4101834E077008C83AC /* books.png in Resources */ = {isa = PBXBuildFile; fileRef = 3A98A40F1834E077008C83AC /* books.png */; };
		3A98A41B1834F599008C83AC /* TRIURLSessionScreen.m in Sources */ = {isa = PBXBuildFile; fileRef = 3A98A4191834F599008C83AC /* TRIURLSessionScreen.m */; };
		3A98A41C1834F599008C83AC /* TRIURLSessionScreen.xib in Resources */ = {isa = PBXBuildFile; fileRef = 3A98A41A1834F599008C83AC /* TRIURLSessionScreen.xib */; };
		3A98A42018350BD1008C83AC /* TRIEmptyScreen.m in Sources */ = {isa = PBXBuildFile; fileRef = 3A98A41E18350BD1008C83AC /* TRIEmptyScreen.m */; };
		3A98A42118350BD1008C83AC /* TRIEmptyScreen.xib in Resources */ = {isa = PBXBuildFile; fileRef = 3A98A41F18350BD1008C83AC /* TRIEmptyScreen.xib */; };
		3A98A42418352079008C83AC /* TRIOpenInAppActivity.m in Sources */ = {isa = PBXBuildFile; fileRef = 3A98A42318352079008C83AC /* TRIOpenInAppActivity.m */; };
		3A98A42818352303008C83AC /* openinapp.png in Resources */ = {isa = PBXBuildFile; fileRef = 3A98A42618352303008C83AC /* openinapp.png */; };
		3A98A42918352303008C83AC /* openinapp@2x.png in Resources */ = {isa = PBXBuildFile; fileRef = 3A98A42718352303008C83AC /* openinapp@2x.png */; };
		3A98A43118356D15008C83AC /* TRIBroadcaster.m in Sources */ = {isa = PBXBuildFile; fileRef = 3A98A42B18356D15008C83AC /* TRIBroadcaster.m */; };
		3A98A43218356D15008C83AC /* TRIProtocol.m in Sources */ = {isa = PBXBuildFile; fileRef = 3A98A42D18356D15008C83AC /* TRIProtocol.m */; };
		3A98A43318356D15008C83AC /* TRIReceiver.m in Sources */ = {isa = PBXBuildFile; fileRef = 3A98A42F18356D15008C83AC /* TRIReceiver.m */; };
		3A98A43A1835706F008C83AC /* TRIRemoteViewController.m in Sources */ = {isa = PBXBuildFile; fileRef = 3A98A4381835706F008C83AC /* TRIRemoteViewController.m */; };
		3A98A43B1835706F008C83AC /* TRIRemoteViewController.xib in Resources */ = {isa = PBXBuildFile; fileRef = 3A98A4391835706F008C83AC /* TRIRemoteViewController.xib */; };
		3AB9BA201837DA2B00B8161D /* TRIBeaconScreen.m in Sources */ = {isa = PBXBuildFile; fileRef = 3AB9BA1E1837DA2B00B8161D /* TRIBeaconScreen.m */; };
		3AB9BA211837DA2B00B8161D /* TRIBeaconScreen.xib in Resources */ = {isa = PBXBuildFile; fileRef = 3AB9BA1F1837DA2B00B8161D /* TRIBeaconScreen.xib */; };
		3AB9BA251837E09700B8161D /* TRIInteractiveTextScreen.m in Sources */ = {isa = PBXBuildFile; fileRef = 3AB9BA231837E09700B8161D /* TRIInteractiveTextScreen.m */; };
		3AB9BA261837E09700B8161D /* TRIInteractiveTextScreen.xib in Resources */ = {isa = PBXBuildFile; fileRef = 3AB9BA241837E09700B8161D /* TRIInteractiveTextScreen.xib */; };
		3AB9BA291837E81700B8161D /* UIBezierPath+Symbol.m in Sources */ = {isa = PBXBuildFile; fileRef = 3AB9BA281837E81700B8161D /* UIBezierPath+Symbol.m */; };
		3AB9BA2D1837E85400B8161D /* TRICrossView.m in Sources */ = {isa = PBXBuildFile; fileRef = 3AB9BA2C1837E85400B8161D /* TRICrossView.m */; };
		3AC83A801833C1330089524B /* TRIPresentationController.xib in Resources */ = {isa = PBXBuildFile; fileRef = 3AC83A7F1833C1330089524B /* TRIPresentationController.xib */; };
		3AC83A841833C9450089524B /* TRITextScreen.m in Sources */ = {isa = PBXBuildFile; fileRef = 3AC83A821833C9450089524B /* TRITextScreen.m */; };
		3AC83A851833C9450089524B /* TRITextScreen.xib in Resources */ = {isa = PBXBuildFile; fileRef = 3AC83A831833C9450089524B /* TRITextScreen.xib */; };
		3AC83A891833E4CA0089524B /* TRISpeechScreen.m in Sources */ = {isa = PBXBuildFile; fileRef = 3AC83A871833E4CA0089524B /* TRISpeechScreen.m */; };
		3AC83A8A1833E4CA0089524B /* TRISpeechScreen.xib in Resources */ = {isa = PBXBuildFile; fileRef = 3AC83A881833E4CA0089524B /* TRISpeechScreen.xib */; };
		3AC83A8E183418270089524B /* TRIGeodesicScreen.m in Sources */ = {isa = PBXBuildFile; fileRef = 3AC83A8C183418270089524B /* TRIGeodesicScreen.m */; };
		3AC83A8F183418270089524B /* TRIGeodesicScreen.xib in Resources */ = {isa = PBXBuildFile; fileRef = 3AC83A8D183418270089524B /* TRIGeodesicScreen.xib */; };
		3AC9837418361EFC004E3A94 /* TRIPDFHelper.m in Sources */ = {isa = PBXBuildFile; fileRef = 3AC9837318361EFC004E3A94 /* TRIPDFHelper.m */; };
		3AC9837718362C0A004E3A94 /* TRIMenuController.m in Sources */ = {isa = PBXBuildFile; fileRef = 3AC9837618362C0A004E3A94 /* TRIMenuController.m */; };
		3AC9837A18365D71004E3A94 /* IOS_7_Logo.png in Resources */ = {isa = PBXBuildFile; fileRef = 3AC9837918365D71004E3A94 /* IOS_7_Logo.png */; };
		3AC9837C18365F2B004E3A94 /* trifork_logo.png in Resources */ = {isa = PBXBuildFile; fileRef = 3AC9837B18365F2B004E3A94 /* trifork_logo.png */; };
		3AE20AEC1839F14B00B7F998 /* text_ios7.png in Resources */ = {isa = PBXBuildFile; fileRef = 3AE20AEA1839F14B00B7F998 /* text_ios7.png */; };
		3AE20AED1839F14B00B7F998 /* text_ios6.png in Resources */ = {isa = PBXBuildFile; fileRef = 3AE20AEB1839F14B00B7F998 /* text_ios6.png */; };
		3AE20AF1183A195100B7F998 /* TRIQRCodeScreen.m in Sources */ = {isa = PBXBuildFile; fileRef = 3AE20AEF183A195100B7F998 /* TRIQRCodeScreen.m */; };
		3AE20AF2183A195100B7F998 /* TRIQRCodeScreen.xib in Resources */ = {isa = PBXBuildFile; fileRef = 3AE20AF0183A195100B7F998 /* TRIQRCodeScreen.xib */; };
		3AE20AF6183A394400B7F998 /* TRISourceCodeScreen.m in Sources */ = {isa = PBXBuildFile; fileRef = 3AE20AF4183A394400B7F998 /* TRISourceCodeScreen.m */; };
		3AE20AF7183A394400B7F998 /* TRISourceCodeScreen.xib in Resources */ = {isa = PBXBuildFile; fileRef = 3AE20AF5183A394400B7F998 /* TRISourceCodeScreen.xib */; };
		3AE20AF9183A47B600B7F998 /* dynamic_type.png in Resources */ = {isa = PBXBuildFile; fileRef = 3AE20AF8183A47B600B7F998 /* dynamic_type.png */; };
		3AEAC75A18392EBC0097A8C6 /* TRIJavaScriptScreen.m in Sources */ = {isa = PBXBuildFile; fileRef = 3AEAC75818392EBC0097A8C6 /* TRIJavaScriptScreen.m */; };
		3AEAC75B18392EBC0097A8C6 /* TRIJavaScriptScreen.xib in Resources */ = {isa = PBXBuildFile; fileRef = 3AEAC75918392EBC0097A8C6 /* TRIJavaScriptScreen.xib */; };
		3AEAC75D183930C70097A8C6 /* ScreenDefinitions.json in Resources */ = {isa = PBXBuildFile; fileRef = 3AEAC75C183930C70097A8C6 /* ScreenDefinitions.json */; };
/* End PBXBuildFile section */

/* Begin PBXFileReference section */
		3A86E42E1833B4A500C1AC2C /* Presentation.app */ = {isa = PBXFileReference; explicitFileType = wrapper.application; includeInIndex = 0; path = Presentation.app; sourceTree = BUILT_PRODUCTS_DIR; };
		3A86E4311833B4A500C1AC2C /* Foundation.framework */ = {isa = PBXFileReference; lastKnownFileType = wrapper.framework; name = Foundation.framework; path = System/Library/Frameworks/Foundation.framework; sourceTree = SDKROOT; };
		3A86E4331833B4A500C1AC2C /* CoreGraphics.framework */ = {isa = PBXFileReference; lastKnownFileType = wrapper.framework; name = CoreGraphics.framework; path = System/Library/Frameworks/CoreGraphics.framework; sourceTree = SDKROOT; };
		3A86E4351833B4A500C1AC2C /* UIKit.framework */ = {isa = PBXFileReference; lastKnownFileType = wrapper.framework; name = UIKit.framework; path = System/Library/Frameworks/UIKit.framework; sourceTree = SDKROOT; };
		3A86E4391833B4A500C1AC2C /* Presentation-Info.plist */ = {isa = PBXFileReference; lastKnownFileType = text.plist.xml; path = "Presentation-Info.plist"; sourceTree = "<group>"; };
		3A86E43D1833B4A500C1AC2C /* main.m */ = {isa = PBXFileReference; lastKnownFileType = sourcecode.c.objc; path = main.m; sourceTree = "<group>"; };
		3A86E43F1833B4A500C1AC2C /* Presentation-Prefix.pch */ = {isa = PBXFileReference; lastKnownFileType = sourcecode.c.h; path = "Presentation-Prefix.pch"; sourceTree = "<group>"; };
		3A86E44A1833B4A500C1AC2C /* XCTest.framework */ = {isa = PBXFileReference; lastKnownFileType = wrapper.framework; name = XCTest.framework; path = Library/Frameworks/XCTest.framework; sourceTree = DEVELOPER_DIR; };
		3A86E4641833B51600C1AC2C /* TRIAppDelegate.h */ = {isa = PBXFileReference; fileEncoding = 4; lastKnownFileType = sourcecode.c.h; path = TRIAppDelegate.h; sourceTree = "<group>"; };
		3A86E4651833B51600C1AC2C /* TRIAppDelegate.m */ = {isa = PBXFileReference; fileEncoding = 4; lastKnownFileType = sourcecode.c.objc; path = TRIAppDelegate.m; sourceTree = "<group>"; };
		3A86E4691833B53C00C1AC2C /* TRIBaseScreenController.h */ = {isa = PBXFileReference; fileEncoding = 4; lastKnownFileType = sourcecode.c.h; path = TRIBaseScreenController.h; sourceTree = "<group>"; };
		3A86E46A1833B53C00C1AC2C /* TRIBaseScreenController.m */ = {isa = PBXFileReference; fileEncoding = 4; lastKnownFileType = sourcecode.c.objc; path = TRIBaseScreenController.m; sourceTree = "<group>"; };
		3A86E46C1833B55B00C1AC2C /* TRIPresentationController.h */ = {isa = PBXFileReference; fileEncoding = 4; lastKnownFileType = sourcecode.c.h; path = TRIPresentationController.h; sourceTree = "<group>"; };
		3A86E46D1833B55B00C1AC2C /* TRIPresentationController.m */ = {isa = PBXFileReference; fileEncoding = 4; lastKnownFileType = sourcecode.c.objc; path = TRIPresentationController.m; sourceTree = "<group>"; };
		3A86E4741833B6DD00C1AC2C /* Images.xcassets */ = {isa = PBXFileReference; lastKnownFileType = folder.assetcatalog; path = Images.xcassets; sourceTree = "<group>"; };
		3A86E47C1833B8BF00C1AC2C /* generate_html.sh */ = {isa = PBXFileReference; fileEncoding = 4; lastKnownFileType = text.script.sh; path = generate_html.sh; sourceTree = "<group>"; };
		3A86E47E1833B97200C1AC2C /* html */ = {isa = PBXFileReference; lastKnownFileType = folder; path = html; sourceTree = "<group>"; };
		3A86E4811833BAFA00C1AC2C /* TRIPhotoScreen.h */ = {isa = PBXFileReference; fileEncoding = 4; lastKnownFileType = sourcecode.c.h; path = TRIPhotoScreen.h; sourceTree = "<group>"; };
		3A86E4821833BAFA00C1AC2C /* TRIPhotoScreen.m */ = {isa = PBXFileReference; fileEncoding = 4; lastKnownFileType = sourcecode.c.objc; path = TRIPhotoScreen.m; sourceTree = "<group>"; };
		3A86E4831833BAFA00C1AC2C /* TRIPhotoScreen.xib */ = {isa = PBXFileReference; fileEncoding = 4; lastKnownFileType = file.xib; path = TRIPhotoScreen.xib; sourceTree = "<group>"; };
		3A8D29341837FC330019C684 /* forbes_ibeacon.png */ = {isa = PBXFileReference; lastKnownFileType = image.png; path = forbes_ibeacon.png; sourceTree = "<group>"; };
		3A8D29361837FCF40019C684 /* XCDYouTubeVideoPlayerViewController.h */ = {isa = PBXFileReference; fileEncoding = 4; lastKnownFileType = sourcecode.c.h; path = XCDYouTubeVideoPlayerViewController.h; sourceTree = "<group>"; };
		3A8D29371837FCF40019C684 /* XCDYouTubeVideoPlayerViewController.m */ = {isa = PBXFileReference; fileEncoding = 4; lastKnownFileType = sourcecode.c.objc; path = XCDYouTubeVideoPlayerViewController.m; sourceTree = "<group>"; };
		3A8D29391837FD1C0019C684 /* TRIYouTubeScreen.h */ = {isa = PBXFileReference; fileEncoding = 4; lastKnownFileType = sourcecode.c.h; path = TRIYouTubeScreen.h; sourceTree = "<group>"; };
		3A8D293A1837FD1C0019C684 /* TRIYouTubeScreen.m */ = {isa = PBXFileReference; fileEncoding = 4; lastKnownFileType = sourcecode.c.objc; path = TRIYouTubeScreen.m; sourceTree = "<group>"; };
		3A8D293C1837FDE70019C684 /* minority_report.png */ = {isa = PBXFileReference; lastKnownFileType = image.png; path = minority_report.png; sourceTree = "<group>"; };
		3A8D293E1837FFF00019C684 /* TRIYouTubeScreen.xib */ = {isa = PBXFileReference; fileEncoding = 4; lastKnownFileType = file.xib; path = TRIYouTubeScreen.xib; sourceTree = "<group>"; };
		3A98A4061834A7E7008C83AC /* TRITitleAndTextScreen.h */ = {isa = PBXFileReference; fileEncoding = 4; lastKnownFileType = sourcecode.c.h; path = TRITitleAndTextScreen.h; sourceTree = "<group>"; };
		3A98A4071834A7E7008C83AC /* TRITitleAndTextScreen.m */ = {isa = PBXFileReference; fileEncoding = 4; lastKnownFileType = sourcecode.c.objc; path = TRITitleAndTextScreen.m; sourceTree = "<group>"; };
		3A98A4081834A7E7008C83AC /* TRITitleAndTextScreen.xib */ = {isa = PBXFileReference; fileEncoding = 4; lastKnownFileType = file.xib; path = TRITitleAndTextScreen.xib; sourceTree = "<group>"; };
		3A98A40F1834E077008C83AC /* books.png */ = {isa = PBXFileReference; lastKnownFileType = image.png; path = books.png; sourceTree = "<group>"; };
		3A98A4181834F599008C83AC /* TRIURLSessionScreen.h */ = {isa = PBXFileReference; fileEncoding = 4; lastKnownFileType = sourcecode.c.h; path = TRIURLSessionScreen.h; sourceTree = "<group>"; };
		3A98A4191834F599008C83AC /* TRIURLSessionScreen.m */ = {isa = PBXFileReference; fileEncoding = 4; lastKnownFileType = sourcecode.c.objc; path = TRIURLSessionScreen.m; sourceTree = "<group>"; };
		3A98A41A1834F599008C83AC /* TRIURLSessionScreen.xib */ = {isa = PBXFileReference; fileEncoding = 4; lastKnownFileType = file.xib; path = TRIURLSessionScreen.xib; sourceTree = "<group>"; };
		3A98A41D18350BD1008C83AC /* TRIEmptyScreen.h */ = {isa = PBXFileReference; fileEncoding = 4; lastKnownFileType = sourcecode.c.h; path = TRIEmptyScreen.h; sourceTree = "<group>"; };
		3A98A41E18350BD1008C83AC /* TRIEmptyScreen.m */ = {isa = PBXFileReference; fileEncoding = 4; lastKnownFileType = sourcecode.c.objc; path = TRIEmptyScreen.m; sourceTree = "<group>"; };
		3A98A41F18350BD1008C83AC /* TRIEmptyScreen.xib */ = {isa = PBXFileReference; fileEncoding = 4; lastKnownFileType = file.xib; path = TRIEmptyScreen.xib; sourceTree = "<group>"; };
		3A98A42218352079008C83AC /* TRIOpenInAppActivity.h */ = {isa = PBXFileReference; fileEncoding = 4; lastKnownFileType = sourcecode.c.h; path = TRIOpenInAppActivity.h; sourceTree = "<group>"; };
		3A98A42318352079008C83AC /* TRIOpenInAppActivity.m */ = {isa = PBXFileReference; fileEncoding = 4; lastKnownFileType = sourcecode.c.objc; path = TRIOpenInAppActivity.m; sourceTree = "<group>"; };
		3A98A425183520CE008C83AC /* TRIOpenInAppActivityDelegate.h */ = {isa = PBXFileReference; lastKnownFileType = sourcecode.c.h; path = TRIOpenInAppActivityDelegate.h; sourceTree = "<group>"; };
		3A98A42618352303008C83AC /* openinapp.png */ = {isa = PBXFileReference; lastKnownFileType = image.png; path = openinapp.png; sourceTree = "<group>"; };
		3A98A42718352303008C83AC /* openinapp@2x.png */ = {isa = PBXFileReference; lastKnownFileType = image.png; path = "openinapp@2x.png"; sourceTree = "<group>"; };
		3A98A42A18356D15008C83AC /* TRIBroadcaster.h */ = {isa = PBXFileReference; fileEncoding = 4; lastKnownFileType = sourcecode.c.h; path = TRIBroadcaster.h; sourceTree = "<group>"; };
		3A98A42B18356D15008C83AC /* TRIBroadcaster.m */ = {isa = PBXFileReference; fileEncoding = 4; lastKnownFileType = sourcecode.c.objc; path = TRIBroadcaster.m; sourceTree = "<group>"; };
		3A98A42C18356D15008C83AC /* TRIProtocol.h */ = {isa = PBXFileReference; fileEncoding = 4; lastKnownFileType = sourcecode.c.h; path = TRIProtocol.h; sourceTree = "<group>"; };
		3A98A42D18356D15008C83AC /* TRIProtocol.m */ = {isa = PBXFileReference; fileEncoding = 4; lastKnownFileType = sourcecode.c.objc; path = TRIProtocol.m; sourceTree = "<group>"; };
		3A98A42E18356D15008C83AC /* TRIReceiver.h */ = {isa = PBXFileReference; fileEncoding = 4; lastKnownFileType = sourcecode.c.h; path = TRIReceiver.h; sourceTree = "<group>"; };
		3A98A42F18356D15008C83AC /* TRIReceiver.m */ = {isa = PBXFileReference; fileEncoding = 4; lastKnownFileType = sourcecode.c.objc; path = TRIReceiver.m; sourceTree = "<group>"; };
		3A98A43018356D15008C83AC /* TRIReceiverDelegate.h */ = {isa = PBXFileReference; fileEncoding = 4; lastKnownFileType = sourcecode.c.h; path = TRIReceiverDelegate.h; sourceTree = "<group>"; };
		3A98A4371835706F008C83AC /* TRIRemoteViewController.h */ = {isa = PBXFileReference; fileEncoding = 4; lastKnownFileType = sourcecode.c.h; path = TRIRemoteViewController.h; sourceTree = "<group>"; };
		3A98A4381835706F008C83AC /* TRIRemoteViewController.m */ = {isa = PBXFileReference; fileEncoding = 4; lastKnownFileType = sourcecode.c.objc; path = TRIRemoteViewController.m; sourceTree = "<group>"; };
		3A98A4391835706F008C83AC /* TRIRemoteViewController.xib */ = {isa = PBXFileReference; fileEncoding = 4; lastKnownFileType = file.xib; path = TRIRemoteViewController.xib; sourceTree = "<group>"; };
		3A98A43C1835FA94008C83AC /* TRIHelpers.h */ = {isa = PBXFileReference; lastKnownFileType = sourcecode.c.h; path = TRIHelpers.h; sourceTree = "<group>"; };
		3AB9BA1D1837DA2B00B8161D /* TRIBeaconScreen.h */ = {isa = PBXFileReference; fileEncoding = 4; lastKnownFileType = sourcecode.c.h; path = TRIBeaconScreen.h; sourceTree = "<group>"; };
		3AB9BA1E1837DA2B00B8161D /* TRIBeaconScreen.m */ = {isa = PBXFileReference; fileEncoding = 4; lastKnownFileType = sourcecode.c.objc; path = TRIBeaconScreen.m; sourceTree = "<group>"; };
		3AB9BA1F1837DA2B00B8161D /* TRIBeaconScreen.xib */ = {isa = PBXFileReference; fileEncoding = 4; lastKnownFileType = file.xib; path = TRIBeaconScreen.xib; sourceTree = "<group>"; };
		3AB9BA221837E09700B8161D /* TRIInteractiveTextScreen.h */ = {isa = PBXFileReference; fileEncoding = 4; lastKnownFileType = sourcecode.c.h; path = TRIInteractiveTextScreen.h; sourceTree = "<group>"; };
		3AB9BA231837E09700B8161D /* TRIInteractiveTextScreen.m */ = {isa = PBXFileReference; fileEncoding = 4; lastKnownFileType = sourcecode.c.objc; path = TRIInteractiveTextScreen.m; sourceTree = "<group>"; };
		3AB9BA241837E09700B8161D /* TRIInteractiveTextScreen.xib */ = {isa = PBXFileReference; fileEncoding = 4; lastKnownFileType = file.xib; path = TRIInteractiveTextScreen.xib; sourceTree = "<group>"; };
		3AB9BA271837E81700B8161D /* UIBezierPath+Symbol.h */ = {isa = PBXFileReference; fileEncoding = 4; lastKnownFileType = sourcecode.c.h; path = "UIBezierPath+Symbol.h"; sourceTree = "<group>"; };
		3AB9BA281837E81700B8161D /* UIBezierPath+Symbol.m */ = {isa = PBXFileReference; fileEncoding = 4; lastKnownFileType = sourcecode.c.objc; path = "UIBezierPath+Symbol.m"; sourceTree = "<group>"; };
		3AB9BA2B1837E85400B8161D /* TRICrossView.h */ = {isa = PBXFileReference; fileEncoding = 4; lastKnownFileType = sourcecode.c.h; path = TRICrossView.h; sourceTree = "<group>"; };
		3AB9BA2C1837E85400B8161D /* TRICrossView.m */ = {isa = PBXFileReference; fileEncoding = 4; lastKnownFileType = sourcecode.c.objc; path = TRICrossView.m; sourceTree = "<group>"; };
		3AB9BA2E1837E8BD00B8161D /* TRIViews.h */ = {isa = PBXFileReference; lastKnownFileType = sourcecode.c.h; path = TRIViews.h; sourceTree = "<group>"; };
		3AC83A7F1833C1330089524B /* TRIPresentationController.xib */ = {isa = PBXFileReference; fileEncoding = 4; lastKnownFileType = file.xib; path = TRIPresentationController.xib; sourceTree = "<group>"; };
		3AC83A811833C9450089524B /* TRITextScreen.h */ = {isa = PBXFileReference; fileEncoding = 4; lastKnownFileType = sourcecode.c.h; path = TRITextScreen.h; sourceTree = "<group>"; };
		3AC83A821833C9450089524B /* TRITextScreen.m */ = {isa = PBXFileReference; fileEncoding = 4; lastKnownFileType = sourcecode.c.objc; path = TRITextScreen.m; sourceTree = "<group>"; };
		3AC83A831833C9450089524B /* TRITextScreen.xib */ = {isa = PBXFileReference; fileEncoding = 4; lastKnownFileType = file.xib; path = TRITextScreen.xib; sourceTree = "<group>"; };
		3AC83A861833E4CA0089524B /* TRISpeechScreen.h */ = {isa = PBXFileReference; fileEncoding = 4; lastKnownFileType = sourcecode.c.h; path = TRISpeechScreen.h; sourceTree = "<group>"; };
		3AC83A871833E4CA0089524B /* TRISpeechScreen.m */ = {isa = PBXFileReference; fileEncoding = 4; lastKnownFileType = sourcecode.c.objc; path = TRISpeechScreen.m; sourceTree = "<group>"; };
		3AC83A881833E4CA0089524B /* TRISpeechScreen.xib */ = {isa = PBXFileReference; fileEncoding = 4; lastKnownFileType = file.xib; path = TRISpeechScreen.xib; sourceTree = "<group>"; };
		3AC83A8B183418270089524B /* TRIGeodesicScreen.h */ = {isa = PBXFileReference; fileEncoding = 4; lastKnownFileType = sourcecode.c.h; path = TRIGeodesicScreen.h; sourceTree = "<group>"; };
		3AC83A8C183418270089524B /* TRIGeodesicScreen.m */ = {isa = PBXFileReference; fileEncoding = 4; lastKnownFileType = sourcecode.c.objc; path = TRIGeodesicScreen.m; sourceTree = "<group>"; };
		3AC83A8D183418270089524B /* TRIGeodesicScreen.xib */ = {isa = PBXFileReference; fileEncoding = 4; lastKnownFileType = file.xib; path = TRIGeodesicScreen.xib; sourceTree = "<group>"; };
		3AC983711835FC48004E3A94 /* TRIBroadcasterDelegate.h */ = {isa = PBXFileReference; lastKnownFileType = sourcecode.c.h; path = TRIBroadcasterDelegate.h; sourceTree = "<group>"; };
		3AC9837218361EFC004E3A94 /* TRIPDFHelper.h */ = {isa = PBXFileReference; fileEncoding = 4; lastKnownFileType = sourcecode.c.h; path = TRIPDFHelper.h; sourceTree = "<group>"; };
		3AC9837318361EFC004E3A94 /* TRIPDFHelper.m */ = {isa = PBXFileReference; fileEncoding = 4; lastKnownFileType = sourcecode.c.objc; path = TRIPDFHelper.m; sourceTree = "<group>"; };
		3AC9837518362C0A004E3A94 /* TRIMenuController.h */ = {isa = PBXFileReference; fileEncoding = 4; lastKnownFileType = sourcecode.c.h; path = TRIMenuController.h; sourceTree = "<group>"; };
		3AC9837618362C0A004E3A94 /* TRIMenuController.m */ = {isa = PBXFileReference; fileEncoding = 4; lastKnownFileType = sourcecode.c.objc; path = TRIMenuController.m; sourceTree = "<group>"; };
		3AC9837818362C98004E3A94 /* TRIMenuControllerDelegate.h */ = {isa = PBXFileReference; lastKnownFileType = sourcecode.c.h; path = TRIMenuControllerDelegate.h; sourceTree = "<group>"; };
		3AC9837918365D71004E3A94 /* IOS_7_Logo.png */ = {isa = PBXFileReference; lastKnownFileType = image.png; path = IOS_7_Logo.png; sourceTree = "<group>"; };
		3AC9837B18365F2B004E3A94 /* trifork_logo.png */ = {isa = PBXFileReference; lastKnownFileType = image.png; path = trifork_logo.png; sourceTree = "<group>"; };
		3AE20AEA1839F14B00B7F998 /* text_ios7.png */ = {isa = PBXFileReference; lastKnownFileType = image.png; path = text_ios7.png; sourceTree = "<group>"; };
		3AE20AEB1839F14B00B7F998 /* text_ios6.png */ = {isa = PBXFileReference; lastKnownFileType = image.png; path = text_ios6.png; sourceTree = "<group>"; };
		3AE20AEE183A195100B7F998 /* TRIQRCodeScreen.h */ = {isa = PBXFileReference; fileEncoding = 4; lastKnownFileType = sourcecode.c.h; path = TRIQRCodeScreen.h; sourceTree = "<group>"; };
		3AE20AEF183A195100B7F998 /* TRIQRCodeScreen.m */ = {isa = PBXFileReference; fileEncoding = 4; lastKnownFileType = sourcecode.c.objc; path = TRIQRCodeScreen.m; sourceTree = "<group>"; };
		3AE20AF0183A195100B7F998 /* TRIQRCodeScreen.xib */ = {isa = PBXFileReference; fileEncoding = 4; lastKnownFileType = file.xib; path = TRIQRCodeScreen.xib; sourceTree = "<group>"; };
		3AE20AF3183A394400B7F998 /* TRISourceCodeScreen.h */ = {isa = PBXFileReference; fileEncoding = 4; lastKnownFileType = sourcecode.c.h; path = TRISourceCodeScreen.h; sourceTree = "<group>"; };
		3AE20AF4183A394400B7F998 /* TRISourceCodeScreen.m */ = {isa = PBXFileReference; fileEncoding = 4; lastKnownFileType = sourcecode.c.objc; path = TRISourceCodeScreen.m; sourceTree = "<group>"; };
		3AE20AF5183A394400B7F998 /* TRISourceCodeScreen.xib */ = {isa = PBXFileReference; fileEncoding = 4; lastKnownFileType = file.xib; path = TRISourceCodeScreen.xib; sourceTree = "<group>"; };
		3AE20AF8183A47B600B7F998 /* dynamic_type.png */ = {isa = PBXFileReference; lastKnownFileType = image.png; path = dynamic_type.png; sourceTree = "<group>"; };
		3AEAC75718392EBC0097A8C6 /* TRIJavaScriptScreen.h */ = {isa = PBXFileReference; fileEncoding = 4; lastKnownFileType = sourcecode.c.h; path = TRIJavaScriptScreen.h; sourceTree = "<group>"; };
		3AEAC75818392EBC0097A8C6 /* TRIJavaScriptScreen.m */ = {isa = PBXFileReference; fileEncoding = 4; lastKnownFileType = sourcecode.c.objc; path = TRIJavaScriptScreen.m; sourceTree = "<group>"; };
		3AEAC75918392EBC0097A8C6 /* TRIJavaScriptScreen.xib */ = {isa = PBXFileReference; fileEncoding = 4; lastKnownFileType = file.xib; path = TRIJavaScriptScreen.xib; sourceTree = "<group>"; };
		3AEAC75C183930C70097A8C6 /* ScreenDefinitions.json */ = {isa = PBXFileReference; fileEncoding = 4; lastKnownFileType = text.json; path = ScreenDefinitions.json; sourceTree = "<group>"; };
/* End PBXFileReference section */

/* Begin PBXFrameworksBuildPhase section */
		3A86E42B1833B4A500C1AC2C /* Frameworks */ = {
			isa = PBXFrameworksBuildPhase;
			buildActionMask = 2147483647;
			files = (
				3A86E4341833B4A500C1AC2C /* CoreGraphics.framework in Frameworks */,
				3A86E4361833B4A500C1AC2C /* UIKit.framework in Frameworks */,
				3A86E4321833B4A500C1AC2C /* Foundation.framework in Frameworks */,
			);
			runOnlyForDeploymentPostprocessing = 0;
		};
/* End PBXFrameworksBuildPhase section */

/* Begin PBXGroup section */
		3A86E4251833B4A500C1AC2C = {
			isa = PBXGroup;
			children = (
				3A86E47C1833B8BF00C1AC2C /* generate_html.sh */,
				3A86E47E1833B97200C1AC2C /* html */,
				3A86E4371833B4A500C1AC2C /* Presentation */,
				3A86E4301833B4A500C1AC2C /* Frameworks */,
				3A86E42F1833B4A500C1AC2C /* Products */,
			);
			sourceTree = "<group>";
		};
		3A86E42F1833B4A500C1AC2C /* Products */ = {
			isa = PBXGroup;
			children = (
				3A86E42E1833B4A500C1AC2C /* Presentation.app */,
			);
			name = Products;
			sourceTree = "<group>";
		};
		3A86E4301833B4A500C1AC2C /* Frameworks */ = {
			isa = PBXGroup;
			children = (
				3A86E4311833B4A500C1AC2C /* Foundation.framework */,
				3A86E4331833B4A500C1AC2C /* CoreGraphics.framework */,
				3A86E4351833B4A500C1AC2C /* UIKit.framework */,
				3A86E44A1833B4A500C1AC2C /* XCTest.framework */,
			);
			name = Frameworks;
			sourceTree = "<group>";
		};
		3A86E4371833B4A500C1AC2C /* Presentation */ = {
			isa = PBXGroup;
			children = (
				3A86E4621833B51600C1AC2C /* Classes */,
				3A86E46F1833B5A000C1AC2C /* Resources */,
				3A86E4381833B4A500C1AC2C /* Supporting Files */,
			);
			path = Presentation;
			sourceTree = "<group>";
		};
		3A86E4381833B4A500C1AC2C /* Supporting Files */ = {
			isa = PBXGroup;
			children = (
				3A86E4391833B4A500C1AC2C /* Presentation-Info.plist */,
				3A86E43D1833B4A500C1AC2C /* main.m */,
				3A86E43F1833B4A500C1AC2C /* Presentation-Prefix.pch */,
			);
			name = "Supporting Files";
			sourceTree = "<group>";
		};
		3A86E4621833B51600C1AC2C /* Classes */ = {
			isa = PBXGroup;
			children = (
				3A86E4631833B51600C1AC2C /* AppDelegate */,
				3A86E4661833B51600C1AC2C /* Controllers */,
				3AB9BA2A1837E84700B8161D /* Views */,
				3A98A43618357048008C83AC /* iPhone */,
				3A86E4781833B79100C1AC2C /* Helpers */,
			);
			path = Classes;
			sourceTree = "<group>";
		};
		3A86E4631833B51600C1AC2C /* AppDelegate */ = {
			isa = PBXGroup;
			children = (
				3A86E4641833B51600C1AC2C /* TRIAppDelegate.h */,
				3A86E4651833B51600C1AC2C /* TRIAppDelegate.m */,
			);
			path = AppDelegate;
			sourceTree = "<group>";
		};
		3A86E4661833B51600C1AC2C /* Controllers */ = {
			isa = PBXGroup;
			children = (
				3A86E46C1833B55B00C1AC2C /* TRIPresentationController.h */,
				3A86E46D1833B55B00C1AC2C /* TRIPresentationController.m */,
				3AC83A7F1833C1330089524B /* TRIPresentationController.xib */,
				3AC9837518362C0A004E3A94 /* TRIMenuController.h */,
				3AC9837618362C0A004E3A94 /* TRIMenuController.m */,
				3AC9837818362C98004E3A94 /* TRIMenuControllerDelegate.h */,
				3A86E4691833B53C00C1AC2C /* TRIBaseScreenController.h */,
				3A86E46A1833B53C00C1AC2C /* TRIBaseScreenController.m */,
				3A86E4671833B51600C1AC2C /* Screens */,
			);
			path = Controllers;
			sourceTree = "<group>";
		};
		3A86E4671833B51600C1AC2C /* Screens */ = {
			isa = PBXGroup;
			children = (
				3AE20AF3183A394400B7F998 /* TRISourceCodeScreen.h */,
				3AE20AF4183A394400B7F998 /* TRISourceCodeScreen.m */,
				3AE20AF5183A394400B7F998 /* TRISourceCodeScreen.xib */,
				3A98A41D18350BD1008C83AC /* TRIEmptyScreen.h */,
				3A98A41E18350BD1008C83AC /* TRIEmptyScreen.m */,
				3A98A41F18350BD1008C83AC /* TRIEmptyScreen.xib */,
				3A86E4811833BAFA00C1AC2C /* TRIPhotoScreen.h */,
				3A86E4821833BAFA00C1AC2C /* TRIPhotoScreen.m */,
				3A86E4831833BAFA00C1AC2C /* TRIPhotoScreen.xib */,
				3A8D29391837FD1C0019C684 /* TRIYouTubeScreen.h */,
				3A8D293A1837FD1C0019C684 /* TRIYouTubeScreen.m */,
				3A8D293E1837FFF00019C684 /* TRIYouTubeScreen.xib */,
				3AC83A811833C9450089524B /* TRITextScreen.h */,
				3AC83A821833C9450089524B /* TRITextScreen.m */,
				3AC83A831833C9450089524B /* TRITextScreen.xib */,
				3A98A4061834A7E7008C83AC /* TRITitleAndTextScreen.h */,
				3A98A4071834A7E7008C83AC /* TRITitleAndTextScreen.m */,
				3A98A4081834A7E7008C83AC /* TRITitleAndTextScreen.xib */,
				3AC83A861833E4CA0089524B /* TRISpeechScreen.h */,
				3AC83A871833E4CA0089524B /* TRISpeechScreen.m */,
				3AC83A881833E4CA0089524B /* TRISpeechScreen.xib */,
				3AC83A8B183418270089524B /* TRIGeodesicScreen.h */,
				3AC83A8C183418270089524B /* TRIGeodesicScreen.m */,
				3AC83A8D183418270089524B /* TRIGeodesicScreen.xib */,
				3A98A4181834F599008C83AC /* TRIURLSessionScreen.h */,
				3A98A4191834F599008C83AC /* TRIURLSessionScreen.m */,
				3A98A41A1834F599008C83AC /* TRIURLSessionScreen.xib */,
				3AB9BA1D1837DA2B00B8161D /* TRIBeaconScreen.h */,
				3AB9BA1E1837DA2B00B8161D /* TRIBeaconScreen.m */,
				3AB9BA1F1837DA2B00B8161D /* TRIBeaconScreen.xib */,
				3AB9BA221837E09700B8161D /* TRIInteractiveTextScreen.h */,
				3AB9BA231837E09700B8161D /* TRIInteractiveTextScreen.m */,
				3AB9BA241837E09700B8161D /* TRIInteractiveTextScreen.xib */,
				3AEAC75718392EBC0097A8C6 /* TRIJavaScriptScreen.h */,
				3AEAC75818392EBC0097A8C6 /* TRIJavaScriptScreen.m */,
				3AEAC75918392EBC0097A8C6 /* TRIJavaScriptScreen.xib */,
				3AE20AEE183A195100B7F998 /* TRIQRCodeScreen.h */,
				3AE20AEF183A195100B7F998 /* TRIQRCodeScreen.m */,
				3AE20AF0183A195100B7F998 /* TRIQRCodeScreen.xib */,
			);
			path = Screens;
			sourceTree = "<group>";
		};
		3A86E46F1833B5A000C1AC2C /* Resources */ = {
			isa = PBXGroup;
			children = (
				3A86E4721833B6DD00C1AC2C /* Data */,
				3A86E4731833B6DD00C1AC2C /* Images */,
			);
			path = Resources;
			sourceTree = "<group>";
		};
		3A86E4721833B6DD00C1AC2C /* Data */ = {
			isa = PBXGroup;
			children = (
				3AEAC75C183930C70097A8C6 /* ScreenDefinitions.json */,
			);
			path = Data;
			sourceTree = "<group>";
		};
		3A86E4731833B6DD00C1AC2C /* Images */ = {
			isa = PBXGroup;
			children = (
				3AE20AF8183A47B600B7F998 /* dynamic_type.png */,
				3AE20AEA1839F14B00B7F998 /* text_ios7.png */,
				3AE20AEB1839F14B00B7F998 /* text_ios6.png */,
				3A8D293C1837FDE70019C684 /* minority_report.png */,
				3A8D29341837FC330019C684 /* forbes_ibeacon.png */,
				3AC9837B18365F2B004E3A94 /* trifork_logo.png */,
				3AC9837918365D71004E3A94 /* IOS_7_Logo.png */,
				3A98A42618352303008C83AC /* openinapp.png */,
				3A98A42718352303008C83AC /* openinapp@2x.png */,
				3A98A40F1834E077008C83AC /* books.png */,
				3A86E4741833B6DD00C1AC2C /* Images.xcassets */,
			);
			path = Images;
			sourceTree = "<group>";
		};
		3A86E4781833B79100C1AC2C /* Helpers */ = {
			isa = PBXGroup;
			children = (
				3A98A43C1835FA94008C83AC /* TRIHelpers.h */,
				3A98A42C18356D15008C83AC /* TRIProtocol.h */,
				3A98A42D18356D15008C83AC /* TRIProtocol.m */,
				3A98A42A18356D15008C83AC /* TRIBroadcaster.h */,
				3A98A42B18356D15008C83AC /* TRIBroadcaster.m */,
				3AC983711835FC48004E3A94 /* TRIBroadcasterDelegate.h */,
				3A98A42E18356D15008C83AC /* TRIReceiver.h */,
				3A98A42F18356D15008C83AC /* TRIReceiver.m */,
				3A98A43018356D15008C83AC /* TRIReceiverDelegate.h */,
				3A8D29361837FCF40019C684 /* XCDYouTubeVideoPlayerViewController.h */,
				3A8D29371837FCF40019C684 /* XCDYouTubeVideoPlayerViewController.m */,
				3AB9BA271837E81700B8161D /* UIBezierPath+Symbol.h */,
				3AB9BA281837E81700B8161D /* UIBezierPath+Symbol.m */,
				3A98A42218352079008C83AC /* TRIOpenInAppActivity.h */,
				3A98A42318352079008C83AC /* TRIOpenInAppActivity.m */,
				3A98A425183520CE008C83AC /* TRIOpenInAppActivityDelegate.h */,
				3AC9837218361EFC004E3A94 /* TRIPDFHelper.h */,
				3AC9837318361EFC004E3A94 /* TRIPDFHelper.m */,
			);
			path = Helpers;
			sourceTree = "<group>";
		};
		3A98A43618357048008C83AC /* iPhone */ = {
			isa = PBXGroup;
			children = (
				3A98A4371835706F008C83AC /* TRIRemoteViewController.h */,
				3A98A4381835706F008C83AC /* TRIRemoteViewController.m */,
				3A98A4391835706F008C83AC /* TRIRemoteViewController.xib */,
			);
			path = iPhone;
			sourceTree = "<group>";
		};
		3AB9BA2A1837E84700B8161D /* Views */ = {
			isa = PBXGroup;
			children = (
				3AB9BA2E1837E8BD00B8161D /* TRIViews.h */,
				3AB9BA2B1837E85400B8161D /* TRICrossView.h */,
				3AB9BA2C1837E85400B8161D /* TRICrossView.m */,
			);
			path = Views;
			sourceTree = "<group>";
		};
/* End PBXGroup section */

/* Begin PBXNativeTarget section */
		3A86E42D1833B4A500C1AC2C /* Presentation */ = {
			isa = PBXNativeTarget;
			buildConfigurationList = 3A86E45A1833B4A600C1AC2C /* Build configuration list for PBXNativeTarget "Presentation" */;
			buildPhases = (
				3A86E42A1833B4A500C1AC2C /* Sources */,
				3A86E42B1833B4A500C1AC2C /* Frameworks */,
				3A86E4801833B98300C1AC2C /* ShellScript */,
				3A86E42C1833B4A500C1AC2C /* Resources */,
			);
			buildRules = (
			);
			dependencies = (
			);
			name = Presentation;
			productName = Presentation;
			productReference = 3A86E42E1833B4A500C1AC2C /* Presentation.app */;
			productType = "com.apple.product-type.application";
		};
/* End PBXNativeTarget section */

/* Begin PBXProject section */
		3A86E4261833B4A500C1AC2C /* Project object */ = {
			isa = PBXProject;
			attributes = {
				CLASSPREFIX = TRI;
				LastUpgradeCheck = 0500;
				ORGANIZATIONNAME = "Trifork GmbH";
			};
			buildConfigurationList = 3A86E4291833B4A500C1AC2C /* Build configuration list for PBXProject "Presentation" */;
			compatibilityVersion = "Xcode 3.2";
			developmentRegion = English;
			hasScannedForEncodings = 0;
			knownRegions = (
				en,
			);
			mainGroup = 3A86E4251833B4A500C1AC2C;
			productRefGroup = 3A86E42F1833B4A500C1AC2C /* Products */;
			projectDirPath = "";
			projectRoot = "";
			targets = (
				3A86E42D1833B4A500C1AC2C /* Presentation */,
			);
		};
/* End PBXProject section */

/* Begin PBXResourcesBuildPhase section */
		3A86E42C1833B4A500C1AC2C /* Resources */ = {
			isa = PBXResourcesBuildPhase;
			buildActionMask = 2147483647;
			files = (
				3AC83A801833C1330089524B /* TRIPresentationController.xib in Resources */,
				3A8D293F1837FFF00019C684 /* TRIYouTubeScreen.xib in Resources */,
				3AB9BA261837E09700B8161D /* TRIInteractiveTextScreen.xib in Resources */,
				3A86E4751833B6DD00C1AC2C /* Images.xcassets in Resources */,
				3AC9837C18365F2B004E3A94 /* trifork_logo.png in Resources */,
				3A98A41C1834F599008C83AC /* TRIURLSessionScreen.xib in Resources */,
				3AC83A8F183418270089524B /* TRIGeodesicScreen.xib in Resources */,
				3A8D293D1837FDE70019C684 /* minority_report.png in Resources */,
				3A98A43B1835706F008C83AC /* TRIRemoteViewController.xib in Resources */,
				3A86E4851833BAFA00C1AC2C /* TRIPhotoScreen.xib in Resources */,
				3A98A42818352303008C83AC /* openinapp.png in Resources */,
				3AE20AF7183A394400B7F998 /* TRISourceCodeScreen.xib in Resources */,
				3A86E47F1833B97200C1AC2C /* html in Resources */,
				3A86E47D1833B8BF00C1AC2C /* generate_html.sh in Resources */,
				3AEAC75D183930C70097A8C6 /* ScreenDefinitions.json in Resources */,
				3AE20AF9183A47B600B7F998 /* dynamic_type.png in Resources */,
				3A98A40A1834A7E7008C83AC /* TRITitleAndTextScreen.xib in Resources */,
				3AEAC75B18392EBC0097A8C6 /* TRIJavaScriptScreen.xib in Resources */,
				3AC83A851833C9450089524B /* TRITextScreen.xib in Resources */,
				3AE20AEC1839F14B00B7F998 /* text_ios7.png in Resources */,
				3AE20AED1839F14B00B7F998 /* text_ios6.png in Resources */,
				3AC9837A18365D71004E3A94 /* IOS_7_Logo.png in Resources */,
				3AC83A8A1833E4CA0089524B /* TRISpeechScreen.xib in Resources */,
				3AB9BA211837DA2B00B8161D /* TRIBeaconScreen.xib in Resources */,
				3A98A42118350BD1008C83AC /* TRIEmptyScreen.xib in Resources */,
				3A8D29351837FC330019C684 /* forbes_ibeacon.png in Resources */,
				3AE20AF2183A195100B7F998 /* TRIQRCodeScreen.xib in Resources */,
				3A98A42918352303008C83AC /* openinapp@2x.png in Resources */,
				3A98A4101834E077008C83AC /* books.png in Resources */,
			);
			runOnlyForDeploymentPostprocessing = 0;
		};
/* End PBXResourcesBuildPhase section */

/* Begin PBXShellScriptBuildPhase section */
		3A86E4801833B98300C1AC2C /* ShellScript */ = {
			isa = PBXShellScriptBuildPhase;
			buildActionMask = 2147483647;
			files = (
			);
			inputPaths = (
			);
			outputPaths = (
			);
			runOnlyForDeploymentPostprocessing = 0;
			shellPath = /bin/sh;
			shellScript = "\"${PROJECT_DIR}/generate_html.sh\"";
		};
/* End PBXShellScriptBuildPhase section */

/* Begin PBXSourcesBuildPhase section */
		3A86E42A1833B4A500C1AC2C /* Sources */ = {
			isa = PBXSourcesBuildPhase;
			buildActionMask = 2147483647;
			files = (
				3AB9BA201837DA2B00B8161D /* TRIBeaconScreen.m in Sources */,
				3A86E4841833BAFA00C1AC2C /* TRIPhotoScreen.m in Sources */,
				3A98A4091834A7E7008C83AC /* TRITitleAndTextScreen.m in Sources */,
				3AEAC75A18392EBC0097A8C6 /* TRIJavaScriptScreen.m in Sources */,
				3AE20AF1183A195100B7F998 /* TRIQRCodeScreen.m in Sources */,
				3AC83A891833E4CA0089524B /* TRISpeechScreen.m in Sources */,
				3A98A43A1835706F008C83AC /* TRIRemoteViewController.m in Sources */,
				3AC9837418361EFC004E3A94 /* TRIPDFHelper.m in Sources */,
				3A86E4681833B51600C1AC2C /* TRIAppDelegate.m in Sources */,
				3A98A43218356D15008C83AC /* TRIProtocol.m in Sources */,
				3AC83A8E183418270089524B /* TRIGeodesicScreen.m in Sources */,
				3A98A43318356D15008C83AC /* TRIReceiver.m in Sources */,
				3A98A41B1834F599008C83AC /* TRIURLSessionScreen.m in Sources */,
				3A98A42018350BD1008C83AC /* TRIEmptyScreen.m in Sources */,
				3A8D293B1837FD1C0019C684 /* TRIYouTubeScreen.m in Sources */,
				3A86E46B1833B53C00C1AC2C /* TRIBaseScreenController.m in Sources */,
				3A98A42418352079008C83AC /* TRIOpenInAppActivity.m in Sources */,
				3A8D29381837FCF40019C684 /* XCDYouTubeVideoPlayerViewController.m in Sources */,
				3AE20AF6183A394400B7F998 /* TRISourceCodeScreen.m in Sources */,
				3AC9837718362C0A004E3A94 /* TRIMenuController.m in Sources */,
				3AB9BA291837E81700B8161D /* UIBezierPath+Symbol.m in Sources */,
				3A86E46E1833B55B00C1AC2C /* TRIPresentationController.m in Sources */,
				3A98A43118356D15008C83AC /* TRIBroadcaster.m in Sources */,
				3AB9BA251837E09700B8161D /* TRIInteractiveTextScreen.m in Sources */,
				3AB9BA2D1837E85400B8161D /* TRICrossView.m in Sources */,
				3AC83A841833C9450089524B /* TRITextScreen.m in Sources */,
				3A86E43E1833B4A500C1AC2C /* main.m in Sources */,
			);
			runOnlyForDeploymentPostprocessing = 0;
		};
/* End PBXSourcesBuildPhase section */

/* Begin XCBuildConfiguration section */
		3A86E4581833B4A600C1AC2C /* Debug */ = {
			isa = XCBuildConfiguration;
			buildSettings = {
				ALWAYS_SEARCH_USER_PATHS = NO;
				ARCHS = "$(ARCHS_STANDARD_INCLUDING_64_BIT)";
				CLANG_CXX_LANGUAGE_STANDARD = "gnu++0x";
				CLANG_CXX_LIBRARY = "libc++";
				CLANG_ENABLE_MODULES = YES;
				CLANG_ENABLE_OBJC_ARC = YES;
				CLANG_WARN_BOOL_CONVERSION = YES;
				CLANG_WARN_CONSTANT_CONVERSION = YES;
				CLANG_WARN_DIRECT_OBJC_ISA_USAGE = YES_ERROR;
				CLANG_WARN_EMPTY_BODY = YES;
				CLANG_WARN_ENUM_CONVERSION = YES;
				CLANG_WARN_INT_CONVERSION = YES;
				CLANG_WARN_OBJC_ROOT_CLASS = YES_ERROR;
				CLANG_WARN__DUPLICATE_METHOD_MATCH = YES;
				"CODE_SIGN_IDENTITY[sdk=iphoneos*]" = "iPhone Developer";
				COPY_PHASE_STRIP = NO;
				GCC_C_LANGUAGE_STANDARD = gnu99;
				GCC_DYNAMIC_NO_PIC = NO;
				GCC_OPTIMIZATION_LEVEL = 0;
				GCC_PREPROCESSOR_DEFINITIONS = (
					"DEBUG=1",
					"$(inherited)",
				);
				GCC_SYMBOLS_PRIVATE_EXTERN = NO;
				GCC_WARN_64_TO_32_BIT_CONVERSION = YES;
				GCC_WARN_ABOUT_RETURN_TYPE = YES_ERROR;
				GCC_WARN_UNDECLARED_SELECTOR = YES;
				GCC_WARN_UNINITIALIZED_AUTOS = YES;
				GCC_WARN_UNUSED_FUNCTION = YES;
				GCC_WARN_UNUSED_VARIABLE = YES;
				IPHONEOS_DEPLOYMENT_TARGET = 7.0;
				ONLY_ACTIVE_ARCH = YES;
				SDKROOT = iphoneos;
				TARGETED_DEVICE_FAMILY = "1,2";
			};
			name = Debug;
		};
		3A86E4591833B4A600C1AC2C /* Release */ = {
			isa = XCBuildConfiguration;
			buildSettings = {
				ALWAYS_SEARCH_USER_PATHS = NO;
				ARCHS = "$(ARCHS_STANDARD_INCLUDING_64_BIT)";
				CLANG_CXX_LANGUAGE_STANDARD = "gnu++0x";
				CLANG_CXX_LIBRARY = "libc++";
				CLANG_ENABLE_MODULES = YES;
				CLANG_ENABLE_OBJC_ARC = YES;
				CLANG_WARN_BOOL_CONVERSION = YES;
				CLANG_WARN_CONSTANT_CONVERSION = YES;
				CLANG_WARN_DIRECT_OBJC_ISA_USAGE = YES_ERROR;
				CLANG_WARN_EMPTY_BODY = YES;
				CLANG_WARN_ENUM_CONVERSION = YES;
				CLANG_WARN_INT_CONVERSION = YES;
				CLANG_WARN_OBJC_ROOT_CLASS = YES_ERROR;
				CLANG_WARN__DUPLICATE_METHOD_MATCH = YES;
				"CODE_SIGN_IDENTITY[sdk=iphoneos*]" = "iPhone Developer";
				COPY_PHASE_STRIP = YES;
				ENABLE_NS_ASSERTIONS = NO;
				GCC_C_LANGUAGE_STANDARD = gnu99;
				GCC_WARN_64_TO_32_BIT_CONVERSION = YES;
				GCC_WARN_ABOUT_RETURN_TYPE = YES_ERROR;
				GCC_WARN_UNDECLARED_SELECTOR = YES;
				GCC_WARN_UNINITIALIZED_AUTOS = YES;
				GCC_WARN_UNUSED_FUNCTION = YES;
				GCC_WARN_UNUSED_VARIABLE = YES;
				IPHONEOS_DEPLOYMENT_TARGET = 7.0;
				SDKROOT = iphoneos;
				TARGETED_DEVICE_FAMILY = "1,2";
				VALIDATE_PRODUCT = YES;
			};
			name = Release;
		};
		3A86E45B1833B4A600C1AC2C /* Debug */ = {
			isa = XCBuildConfiguration;
			buildSettings = {
				ASSETCATALOG_COMPILER_APPICON_NAME = AppIcon;
				ASSETCATALOG_COMPILER_LAUNCHIMAGE_NAME = LaunchImage;
				GCC_PRECOMPILE_PREFIX_HEADER = YES;
				GCC_PREFIX_HEADER = "Presentation/Presentation-Prefix.pch";
				INFOPLIST_FILE = "Presentation/Presentation-Info.plist";
				PRODUCT_NAME = "$(TARGET_NAME)";
				WRAPPER_EXTENSION = app;
			};
			name = Debug;
		};
		3A86E45C1833B4A600C1AC2C /* Release */ = {
			isa = XCBuildConfiguration;
			buildSettings = {
				ASSETCATALOG_COMPILER_APPICON_NAME = AppIcon;
				ASSETCATALOG_COMPILER_LAUNCHIMAGE_NAME = LaunchImage;
				GCC_PRECOMPILE_PREFIX_HEADER = YES;
				GCC_PREFIX_HEADER = "Presentation/Presentation-Prefix.pch";
				INFOPLIST_FILE = "Presentation/Presentation-Info.plist";
				PRODUCT_NAME = "$(TARGET_NAME)";
				WRAPPER_EXTENSION = app;
			};
			name = Release;
		};
/* End XCBuildConfiguration section */

/* Begin XCConfigurationList section */
		3A86E4291833B4A500C1AC2C /* Build configuration list for PBXProject "Presentation" */ = {
			isa = XCConfigurationList;
			buildConfigurations = (
				3A86E4581833B4A600C1AC2C /* Debug */,
				3A86E4591833B4A600C1AC2C /* Release */,
			);
			defaultConfigurationIsVisible = 0;
			defaultConfigurationName = Release;
		};
		3A86E45A1833B4A600C1AC2C /* Build configuration list for PBXNativeTarget "Presentation" */ = {
			isa = XCConfigurationList;
			buildConfigurations = (
				3A86E45B1833B4A600C1AC2C /* Debug */,
				3A86E45C1833B4A600C1AC2C /* Release */,
			);
			defaultConfigurationIsVisible = 0;
			defaultConfigurationName = Release;
		};
/* End XCConfigurationList section */
	};
	rootObject = 3A86E4261833B4A500C1AC2C /* Project object */;
}
